
Microsoft Visual Studio Solution File, Format Version 12.00
# Visual Studio Version 17
VisualStudioVersion = 17.1.32328.378
MinimumVisualStudioVersion = 10.0.40219.1
Project("{FAE04EC0-301F-11D3-BF4B-00C04F79EFBC}") = "Guerra Israel", "Guerra Israel.csproj", "{023C0749-C305-4DC3-96C4-6DE2E5042308}"
EndProject
Global
	GlobalSection(SolutionConfigurationPlatforms) = preSolution
		Debug|Any CPU = Debug|Any CPU
		Release|Any CPU = Release|Any CPU
	EndGlobalSection
	GlobalSection(ProjectConfigurationPlatforms) = postSolution
		{023C0749-C305-4DC3-96C4-6DE2E5042308}.Debug|Any CPU.ActiveCfg = Debug|Any CPU
		{023C0749-C305-4DC3-96C4-6DE2E5042308}.Debug|Any CPU.Build.0 = Debug|Any CPU
		{023C0749-C305-4DC3-96C4-6DE2E5042308}.Release|Any CPU.ActiveCfg = Release|Any CPU
		{023C0749-C305-4DC3-96C4-6DE2E5042308}.Release|Any CPU.Build.0 = Release|Any CPU
	EndGlobalSection
	GlobalSection(SolutionProperties) = preSolution
		HideSolutionNode = FALSE
	EndGlobalSection
	GlobalSection(ExtensibilityGlobals) = postSolution
		SolutionGuid = {2CDC8FC3-6B07-45B9-9E80-B7D5DB0CB309}
	EndGlobalSection
EndGlobal
